
Microsoft Visual Studio Solution File, Format Version 12.00
# Visual Studio Version 17
VisualStudioVersion = 17.1.32210.238
MinimumVisualStudioVersion = 10.0.40219.1
Project("{FAE04EC0-301F-11D3-BF4B-00C04F79EFBC}") = "ClarityNotes.UWP", "ClarityNotes\ClarityNotes.UWP\ClarityNotes.UWP.csproj", "{33B2A37A-7F40-490A-A46A-646856D0B5BD}"
EndProject
Project("{FAE04EC0-301F-11D3-BF4B-00C04F79EFBC}") = "ClarityNotes.Android", "ClarityNotes\ClarityNotes.Android\ClarityNotes.Android.csproj", "{7596FAD2-8316-4DA3-B03D-05F4E136334E}"
EndProject
Project("{FAE04EC0-301F-11D3-BF4B-00C04F79EFBC}") = "ClarityNotes.iOS", "ClarityNotes\ClarityNotes.iOS\ClarityNotes.iOS.csproj", "{D69D8BA9-FEF5-463D-BDB6-078ED781ADF1}"
EndProject
Project("{FAE04EC0-301F-11D3-BF4B-00C04F79EFBC}") = "ClarityNotes", "ClarityNotes\ClarityNotes\ClarityNotes.csproj", "{8211DEB9-414E-4F84-BFA8-BC0EE26AF7A0}"
EndProject
Global
	GlobalSection(SolutionConfigurationPlatforms) = preSolution
		Debug|Any CPU = Debug|Any CPU
		Debug|ARM = Debug|ARM
		Debug|iPhone = Debug|iPhone
		Debug|iPhoneSimulator = Debug|iPhoneSimulator
		Debug|x64 = Debug|x64
		Debug|x86 = Debug|x86
		Release|Any CPU = Release|Any CPU
		Release|ARM = Release|ARM
		Release|iPhone = Release|iPhone
		Release|iPhoneSimulator = Release|iPhoneSimulator
		Release|x64 = Release|x64
		Release|x86 = Release|x86
	EndGlobalSection
	GlobalSection(ProjectConfigurationPlatforms) = postSolution
		{33B2A37A-7F40-490A-A46A-646856D0B5BD}.Debug|Any CPU.ActiveCfg = Debug|x64
		{33B2A37A-7F40-490A-A46A-646856D0B5BD}.Debug|Any CPU.Build.0 = Debug|x64
		{33B2A37A-7F40-490A-A46A-646856D0B5BD}.Debug|Any CPU.Deploy.0 = Debug|x64
		{33B2A37A-7F40-490A-A46A-646856D0B5BD}.Debug|ARM.ActiveCfg = Debug|ARM
		{33B2A37A-7F40-490A-A46A-646856D0B5BD}.Debug|ARM.Build.0 = Debug|ARM
		{33B2A37A-7F40-490A-A46A-646856D0B5BD}.Debug|ARM.Deploy.0 = Debug|ARM
		{33B2A37A-7F40-490A-A46A-646856D0B5BD}.Debug|iPhone.ActiveCfg = Debug|x64
		{33B2A37A-7F40-490A-A46A-646856D0B5BD}.Debug|iPhone.Build.0 = Debug|x64
		{33B2A37A-7F40-490A-A46A-646856D0B5BD}.Debug|iPhone.Deploy.0 = Debug|x64
		{33B2A37A-7F40-490A-A46A-646856D0B5BD}.Debug|iPhoneSimulator.ActiveCfg = Debug|x64
		{33B2A37A-7F40-490A-A46A-646856D0B5BD}.Debug|iPhoneSimulator.Build.0 = Debug|x64
		{33B2A37A-7F40-490A-A46A-646856D0B5BD}.Debug|iPhoneSimulator.Deploy.0 = Debug|x64
		{33B2A37A-7F40-490A-A46A-646856D0B5BD}.Debug|x64.ActiveCfg = Debug|x64
		{33B2A37A-7F40-490A-A46A-646856D0B5BD}.Debug|x64.Build.0 = Debug|x64
		{33B2A37A-7F40-490A-A46A-646856D0B5BD}.Debug|x64.Deploy.0 = Debug|x64
		{33B2A37A-7F40-490A-A46A-646856D0B5BD}.Debug|x86.ActiveCfg = Debug|x86
		{33B2A37A-7F40-490A-A46A-646856D0B5BD}.Debug|x86.Build.0 = Debug|x86
		{33B2A37A-7F40-490A-A46A-646856D0B5BD}.Debug|x86.Deploy.0 = Debug|x86
		{33B2A37A-7F40-490A-A46A-646856D0B5BD}.Release|Any CPU.ActiveCfg = Release|x64
		{33B2A37A-7F40-490A-A46A-646856D0B5BD}.Release|Any CPU.Build.0 = Release|x64
		{33B2A37A-7F40-490A-A46A-646856D0B5BD}.Release|Any CPU.Deploy.0 = Release|x64
		{33B2A37A-7F40-490A-A46A-646856D0B5BD}.Release|ARM.ActiveCfg = Release|ARM
		{33B2A37A-7F40-490A-A46A-646856D0B5BD}.Release|ARM.Build.0 = Release|ARM
		{33B2A37A-7F40-490A-A46A-646856D0B5BD}.Release|ARM.Deploy.0 = Release|ARM
		{33B2A37A-7F40-490A-A46A-646856D0B5BD}.Release|iPhone.ActiveCfg = Release|x64
		{33B2A37A-7F40-490A-A46A-646856D0B5BD}.Release|iPhone.Build.0 = Release|x64
		{33B2A37A-7F40-490A-A46A-646856D0B5BD}.Release|iPhone.Deploy.0 = Release|x64
		{33B2A37A-7F40-490A-A46A-646856D0B5BD}.Release|iPhoneSimulator.ActiveCfg = Release|x64
		{33B2A37A-7F40-490A-A46A-646856D0B5BD}.Release|iPhoneSimulator.Build.0 = Release|x64
		{33B2A37A-7F40-490A-A46A-646856D0B5BD}.Release|iPhoneSimulator.Deploy.0 = Release|x64
		{33B2A37A-7F40-490A-A46A-646856D0B5BD}.Release|x64.ActiveCfg = Release|x64
		{33B2A37A-7F40-490A-A46A-646856D0B5BD}.Release|x64.Build.0 = Release|x64
		{33B2A37A-7F40-490A-A46A-646856D0B5BD}.Release|x64.Deploy.0 = Release|x64
		{33B2A37A-7F40-490A-A46A-646856D0B5BD}.Release|x86.ActiveCfg = Release|x86
		{33B2A37A-7F40-490A-A46A-646856D0B5BD}.Release|x86.Build.0 = Release|x86
		{33B2A37A-7F40-490A-A46A-646856D0B5BD}.Release|x86.Deploy.0 = Release|x86
		{7596FAD2-8316-4DA3-B03D-05F4E136334E}.Debug|Any CPU.ActiveCfg = Debug|Any CPU
		{7596FAD2-8316-4DA3-B03D-05F4E136334E}.Debug|Any CPU.Build.0 = Debug|Any CPU
		{7596FAD2-8316-4DA3-B03D-05F4E136334E}.Debug|Any CPU.Deploy.0 = Debug|Any CPU
		{7596FAD2-8316-4DA3-B03D-05F4E136334E}.Debug|ARM.ActiveCfg = Debug|Any CPU
		{7596FAD2-8316-4DA3-B03D-05F4E136334E}.Debug|ARM.Build.0 = Debug|Any CPU
		{7596FAD2-8316-4DA3-B03D-05F4E136334E}.Debug|ARM.Deploy.0 = Debug|Any CPU
		{7596FAD2-8316-4DA3-B03D-05F4E136334E}.Debug|iPhone.ActiveCfg = Debug|Any CPU
		{7596FAD2-8316-4DA3-B03D-05F4E136334E}.Debug|iPhone.Build.0 = Debug|Any CPU
		{7596FAD2-8316-4DA3-B03D-05F4E136334E}.Debug|iPhone.Deploy.0 = Debug|Any CPU
		{7596FAD2-8316-4DA3-B03D-05F4E136334E}.Debug|iPhoneSimulator.ActiveCfg = Debug|Any CPU
		{7596FAD2-8316-4DA3-B03D-05F4E136334E}.Debug|iPhoneSimulator.Build.0 = Debug|Any CPU
		{7596FAD2-8316-4DA3-B03D-05F4E136334E}.Debug|iPhoneSimulator.Deploy.0 = Debug|Any CPU
		{7596FAD2-8316-4DA3-B03D-05F4E136334E}.Debug|x64.ActiveCfg = Debug|Any CPU
		{7596FAD2-8316-4DA3-B03D-05F4E136334E}.Debug|x64.Build.0 = Debug|Any CPU
		{7596FAD2-8316-4DA3-B03D-05F4E136334E}.Debug|x64.Deploy.0 = Debug|Any CPU
		{7596FAD2-8316-4DA3-B03D-05F4E136334E}.Debug|x86.ActiveCfg = Debug|Any CPU
		{7596FAD2-8316-4DA3-B03D-05F4E136334E}.Debug|x86.Build.0 = Debug|Any CPU
		{7596FAD2-8316-4DA3-B03D-05F4E136334E}.Debug|x86.Deploy.0 = Debug|Any CPU
		{7596FAD2-8316-4DA3-B03D-05F4E136334E}.Release|Any CPU.ActiveCfg = Release|Any CPU
		{7596FAD2-8316-4DA3-B03D-05F4E136334E}.Release|Any CPU.Build.0 = Release|Any CPU
		{7596FAD2-8316-4DA3-B03D-05F4E136334E}.Release|Any CPU.Deploy.0 = Release|Any CPU
		{7596FAD2-8316-4DA3-B03D-05F4E136334E}.Release|ARM.ActiveCfg = Release|Any CPU
		{7596FAD2-8316-4DA3-B03D-05F4E136334E}.Release|ARM.Build.0 = Release|Any CPU
		{7596FAD2-8316-4DA3-B03D-05F4E136334E}.Release|ARM.Deploy.0 = Release|Any CPU
		{7596FAD2-8316-4DA3-B03D-05F4E136334E}.Release|iPhone.ActiveCfg = Release|Any CPU
		{7596FAD2-8316-4DA3-B03D-05F4E136334E}.Release|iPhone.Build.0 = Release|Any CPU
		{7596FAD2-8316-4DA3-B03D-05F4E136334E}.Release|iPhone.Deploy.0 = Release|Any CPU
		{7596FAD2-8316-4DA3-B03D-05F4E136334E}.Release|iPhoneSimulator.ActiveCfg = Release|Any CPU
		{7596FAD2-8316-4DA3-B03D-05F4E136334E}.Release|iPhoneSimulator.Build.0 = Release|Any CPU
		{7596FAD2-8316-4DA3-B03D-05F4E136334E}.Release|iPhoneSimulator.Deploy.0 = Release|Any CPU
		{7596FAD2-8316-4DA3-B03D-05F4E136334E}.Release|x64.ActiveCfg = Release|Any CPU
		{7596FAD2-8316-4DA3-B03D-05F4E136334E}.Release|x64.Build.0 = Release|Any CPU
		{7596FAD2-8316-4DA3-B03D-05F4E136334E}.Release|x64.Deploy.0 = Release|Any CPU
		{7596FAD2-8316-4DA3-B03D-05F4E136334E}.Release|x86.ActiveCfg = Release|Any CPU
		{7596FAD2-8316-4DA3-B03D-05F4E136334E}.Release|x86.Build.0 = Release|Any CPU
		{7596FAD2-8316-4DA3-B03D-05F4E136334E}.Release|x86.Deploy.0 = Release|Any CPU
		{D69D8BA9-FEF5-463D-BDB6-078ED781ADF1}.Debug|Any CPU.ActiveCfg = Debug|iPhoneSimulator
		{D69D8BA9-FEF5-463D-BDB6-078ED781ADF1}.Debug|Any CPU.Build.0 = Debug|iPhoneSimulator
		{D69D8BA9-FEF5-463D-BDB6-078ED781ADF1}.Debug|Any CPU.Deploy.0 = Debug|iPhoneSimulator
		{D69D8BA9-FEF5-463D-BDB6-078ED781ADF1}.Debug|ARM.ActiveCfg = Debug|iPhoneSimulator
		{D69D8BA9-FEF5-463D-BDB6-078ED781ADF1}.Debug|ARM.Build.0 = Debug|iPhoneSimulator
		{D69D8BA9-FEF5-463D-BDB6-078ED781ADF1}.Debug|ARM.Deploy.0 = Debug|iPhoneSimulator
		{D69D8BA9-FEF5-463D-BDB6-078ED781ADF1}.Debug|iPhone.ActiveCfg = Debug|iPhone
		{D69D8BA9-FEF5-463D-BDB6-078ED781ADF1}.Debug|iPhone.Build.0 = Debug|iPhone
		{D69D8BA9-FEF5-463D-BDB6-078ED781ADF1}.Debug|iPhone.Deploy.0 = Debug|iPhone
		{D69D8BA9-FEF5-463D-BDB6-078ED781ADF1}.Debug|iPhoneSimulator.ActiveCfg = Debug|iPhoneSimulator
		{D69D8BA9-FEF5-463D-BDB6-078ED781ADF1}.Debug|iPhoneSimulator.Build.0 = Debug|iPhoneSimulator
		{D69D8BA9-FEF5-463D-BDB6-078ED781ADF1}.Debug|iPhoneSimulator.Deploy.0 = Debug|iPhoneSimulator
		{D69D8BA9-FEF5-463D-BDB6-078ED781ADF1}.Debug|x64.ActiveCfg = Debug|iPhone
		{D69D8BA9-FEF5-463D-BDB6-078ED781ADF1}.Debug|x64.Build.0 = Debug|iPhone
		{D69D8BA9-FEF5-463D-BDB6-078ED781ADF1}.Debug|x64.Deploy.0 = Debug|iPhone
		{D69D8BA9-FEF5-463D-BDB6-078ED781ADF1}.Debug|x86.ActiveCfg = Debug|iPhoneSimulator
		{D69D8BA9-FEF5-463D-BDB6-078ED781ADF1}.Debug|x86.Build.0 = Debug|iPhoneSimulator
		{D69D8BA9-FEF5-463D-BDB6-078ED781ADF1}.Debug|x86.Deploy.0 = Debug|iPhoneSimulator
		{D69D8BA9-FEF5-463D-BDB6-078ED781ADF1}.Release|Any CPU.ActiveCfg = Release|iPhoneSimulator
		{D69D8BA9-FEF5-463D-BDB6-078ED781ADF1}.Release|Any CPU.Build.0 = Release|iPhoneSimulator
		{D69D8BA9-FEF5-463D-BDB6-078ED781ADF1}.Release|Any CPU.Deploy.0 = Release|iPhoneSimulator
		{D69D8BA9-FEF5-463D-BDB6-078ED781ADF1}.Release|ARM.ActiveCfg = Release|iPhoneSimulator
		{D69D8BA9-FEF5-463D-BDB6-078ED781ADF1}.Release|ARM.Build.0 = Release|iPhoneSimulator
		{D69D8BA9-FEF5-463D-BDB6-078ED781ADF1}.Release|ARM.Deploy.0 = Release|iPhoneSimulator
		{D69D8BA9-FEF5-463D-BDB6-078ED781ADF1}.Release|iPhone.ActiveCfg = Release|iPhone
		{D69D8BA9-FEF5-463D-BDB6-078ED781ADF1}.Release|iPhone.Build.0 = Release|iPhone
		{D69D8BA9-FEF5-463D-BDB6-078ED781ADF1}.Release|iPhone.Deploy.0 = Release|iPhone
		{D69D8BA9-FEF5-463D-BDB6-078ED781ADF1}.Release|iPhoneSimulator.ActiveCfg = Release|iPhoneSimulator
		{D69D8BA9-FEF5-463D-BDB6-078ED781ADF1}.Release|iPhoneSimulator.Build.0 = Release|iPhoneSimulator
		{D69D8BA9-FEF5-463D-BDB6-078ED781ADF1}.Release|iPhoneSimulator.Deploy.0 = Release|iPhoneSimulator
		{D69D8BA9-FEF5-463D-BDB6-078ED781ADF1}.Release|x64.ActiveCfg = Release|iPhoneSimulator
		{D69D8BA9-FEF5-463D-BDB6-078ED781ADF1}.Release|x64.Build.0 = Release|iPhoneSimulator
		{D69D8BA9-FEF5-463D-BDB6-078ED781ADF1}.Release|x64.Deploy.0 = Release|iPhoneSimulator
		{D69D8BA9-FEF5-463D-BDB6-078ED781ADF1}.Release|x86.ActiveCfg = Release|iPhoneSimulator
		{D69D8BA9-FEF5-463D-BDB6-078ED781ADF1}.Release|x86.Build.0 = Release|iPhoneSimulator
		{D69D8BA9-FEF5-463D-BDB6-078ED781ADF1}.Release|x86.Deploy.0 = Release|iPhoneSimulator
		{8211DEB9-414E-4F84-BFA8-BC0EE26AF7A0}.Debug|Any CPU.ActiveCfg = Debug|Any CPU
		{8211DEB9-414E-4F84-BFA8-BC0EE26AF7A0}.Debug|Any CPU.Build.0 = Debug|Any CPU
		{8211DEB9-414E-4F84-BFA8-BC0EE26AF7A0}.Debug|Any CPU.Deploy.0 = Debug|Any CPU
		{8211DEB9-414E-4F84-BFA8-BC0EE26AF7A0}.Debug|ARM.ActiveCfg = Debug|Any CPU
		{8211DEB9-414E-4F84-BFA8-BC0EE26AF7A0}.Debug|ARM.Build.0 = Debug|Any CPU
		{8211DEB9-414E-4F84-BFA8-BC0EE26AF7A0}.Debug|ARM.Deploy.0 = Debug|Any CPU
		{8211DEB9-414E-4F84-BFA8-BC0EE26AF7A0}.Debug|iPhone.ActiveCfg = Debug|Any CPU
		{8211DEB9-414E-4F84-BFA8-BC0EE26AF7A0}.Debug|iPhone.Build.0 = Debug|Any CPU
		{8211DEB9-414E-4F84-BFA8-BC0EE26AF7A0}.Debug|iPhone.Deploy.0 = Debug|Any CPU
		{8211DEB9-414E-4F84-BFA8-BC0EE26AF7A0}.Debug|iPhoneSimulator.ActiveCfg = Debug|Any CPU
		{8211DEB9-414E-4F84-BFA8-BC0EE26AF7A0}.Debug|iPhoneSimulator.Build.0 = Debug|Any CPU
		{8211DEB9-414E-4F84-BFA8-BC0EE26AF7A0}.Debug|iPhoneSimulator.Deploy.0 = Debug|Any CPU
		{8211DEB9-414E-4F84-BFA8-BC0EE26AF7A0}.Debug|x64.ActiveCfg = Debug|Any CPU
		{8211DEB9-414E-4F84-BFA8-BC0EE26AF7A0}.Debug|x64.Build.0 = Debug|Any CPU
		{8211DEB9-414E-4F84-BFA8-BC0EE26AF7A0}.Debug|x64.Deploy.0 = Debug|Any CPU
		{8211DEB9-414E-4F84-BFA8-BC0EE26AF7A0}.Debug|x86.ActiveCfg = Debug|Any CPU
		{8211DEB9-414E-4F84-BFA8-BC0EE26AF7A0}.Debug|x86.Build.0 = Debug|Any CPU
		{8211DEB9-414E-4F84-BFA8-BC0EE26AF7A0}.Debug|x86.Deploy.0 = Debug|Any CPU
		{8211DEB9-414E-4F84-BFA8-BC0EE26AF7A0}.Release|Any CPU.ActiveCfg = Release|Any CPU
		{8211DEB9-414E-4F84-BFA8-BC0EE26AF7A0}.Release|Any CPU.Build.0 = Release|Any CPU
		{8211DEB9-414E-4F84-BFA8-BC0EE26AF7A0}.Release|Any CPU.Deploy.0 = Release|Any CPU
		{8211DEB9-414E-4F84-BFA8-BC0EE26AF7A0}.Release|ARM.ActiveCfg = Release|Any CPU
		{8211DEB9-414E-4F84-BFA8-BC0EE26AF7A0}.Release|ARM.Build.0 = Release|Any CPU
		{8211DEB9-414E-4F84-BFA8-BC0EE26AF7A0}.Release|ARM.Deploy.0 = Release|Any CPU
		{8211DEB9-414E-4F84-BFA8-BC0EE26AF7A0}.Release|iPhone.ActiveCfg = Release|Any CPU
		{8211DEB9-414E-4F84-BFA8-BC0EE26AF7A0}.Release|iPhone.Build.0 = Release|Any CPU
		{8211DEB9-414E-4F84-BFA8-BC0EE26AF7A0}.Release|iPhone.Deploy.0 = Release|Any CPU
		{8211DEB9-414E-4F84-BFA8-BC0EE26AF7A0}.Release|iPhoneSimulator.ActiveCfg = Release|Any CPU
		{8211DEB9-414E-4F84-BFA8-BC0EE26AF7A0}.Release|iPhoneSimulator.Build.0 = Release|Any CPU
		{8211DEB9-414E-4F84-BFA8-BC0EE26AF7A0}.Release|iPhoneSimulator.Deploy.0 = Release|Any CPU
		{8211DEB9-414E-4F84-BFA8-BC0EE26AF7A0}.Release|x64.ActiveCfg = Release|Any CPU
		{8211DEB9-414E-4F84-BFA8-BC0EE26AF7A0}.Release|x64.Build.0 = Release|Any CPU
		{8211DEB9-414E-4F84-BFA8-BC0EE26AF7A0}.Release|x64.Deploy.0 = Release|Any CPU
		{8211DEB9-414E-4F84-BFA8-BC0EE26AF7A0}.Release|x86.ActiveCfg = Release|Any CPU
		{8211DEB9-414E-4F84-BFA8-BC0EE26AF7A0}.Release|x86.Build.0 = Release|Any CPU
		{8211DEB9-414E-4F84-BFA8-BC0EE26AF7A0}.Release|x86.Deploy.0 = Release|Any CPU
	EndGlobalSection
	GlobalSection(SolutionProperties) = preSolution
		HideSolutionNode = FALSE
	EndGlobalSection
	GlobalSection(ExtensibilityGlobals) = postSolution
		SolutionGuid = {8B6D9ACE-692C-4324-B06A-D1E7AE7F0A3B}
	EndGlobalSection
EndGlobal
