
Microsoft Visual Studio Solution File, Format Version 12.00
# Visual Studio Version 17
VisualStudioVersion = 17.1.32210.238
MinimumVisualStudioVersion = 10.0.40219.1
Project("{FAE04EC0-301F-11D3-BF4B-00C04F79EFBC}") = "ClarityNotes.UWP", "ClarityNotes\ClarityNotes.UWP\ClarityNotes.UWP.csproj", "{B218E8F0-1881-4670-85C1-5802182EEAA4}"
EndProject
Project("{FAE04EC0-301F-11D3-BF4B-00C04F79EFBC}") = "ClarityNotes.Android", "ClarityNotes\ClarityNotes.Android\ClarityNotes.Android.csproj", "{EC19F948-35FC-4B5E-AD63-50570BA3B358}"
EndProject
Project("{FAE04EC0-301F-11D3-BF4B-00C04F79EFBC}") = "ClarityNotes.iOS", "ClarityNotes\ClarityNotes.iOS\ClarityNotes.iOS.csproj", "{9D064A00-0FD9-4F7A-8A6D-0B4E8CE6779A}"
EndProject
Project("{FAE04EC0-301F-11D3-BF4B-00C04F79EFBC}") = "ClarityNotes", "ClarityNotes\ClarityNotes\ClarityNotes.csproj", "{CF6B2DB1-BA58-4B02-8F48-121BEDCC86A7}"
EndProject
Global
	GlobalSection(SolutionConfigurationPlatforms) = preSolution
		Debug|Any CPU = Debug|Any CPU
		Debug|ARM = Debug|ARM
		Debug|iPhone = Debug|iPhone
		Debug|iPhoneSimulator = Debug|iPhoneSimulator
		Debug|x64 = Debug|x64
		Debug|x86 = Debug|x86
		Release|Any CPU = Release|Any CPU
		Release|ARM = Release|ARM
		Release|iPhone = Release|iPhone
		Release|iPhoneSimulator = Release|iPhoneSimulator
		Release|x64 = Release|x64
		Release|x86 = Release|x86
	EndGlobalSection
	GlobalSection(ProjectConfigurationPlatforms) = postSolution
		{B218E8F0-1881-4670-85C1-5802182EEAA4}.Debug|Any CPU.ActiveCfg = Debug|x64
		{B218E8F0-1881-4670-85C1-5802182EEAA4}.Debug|Any CPU.Build.0 = Debug|x64
		{B218E8F0-1881-4670-85C1-5802182EEAA4}.Debug|Any CPU.Deploy.0 = Debug|x64
		{B218E8F0-1881-4670-85C1-5802182EEAA4}.Debug|ARM.ActiveCfg = Debug|ARM
		{B218E8F0-1881-4670-85C1-5802182EEAA4}.Debug|ARM.Build.0 = Debug|ARM
		{B218E8F0-1881-4670-85C1-5802182EEAA4}.Debug|ARM.Deploy.0 = Debug|ARM
		{B218E8F0-1881-4670-85C1-5802182EEAA4}.Debug|iPhone.ActiveCfg = Debug|x64
		{B218E8F0-1881-4670-85C1-5802182EEAA4}.Debug|iPhone.Build.0 = Debug|x64
		{B218E8F0-1881-4670-85C1-5802182EEAA4}.Debug|iPhone.Deploy.0 = Debug|x64
		{B218E8F0-1881-4670-85C1-5802182EEAA4}.Debug|iPhoneSimulator.ActiveCfg = Debug|x64
		{B218E8F0-1881-4670-85C1-5802182EEAA4}.Debug|iPhoneSimulator.Build.0 = Debug|x64
		{B218E8F0-1881-4670-85C1-5802182EEAA4}.Debug|iPhoneSimulator.Deploy.0 = Debug|x64
		{B218E8F0-1881-4670-85C1-5802182EEAA4}.Debug|x64.ActiveCfg = Debug|x64
		{B218E8F0-1881-4670-85C1-5802182EEAA4}.Debug|x64.Build.0 = Debug|x64
		{B218E8F0-1881-4670-85C1-5802182EEAA4}.Debug|x64.Deploy.0 = Debug|x64
		{B218E8F0-1881-4670-85C1-5802182EEAA4}.Debug|x86.ActiveCfg = Debug|x86
		{B218E8F0-1881-4670-85C1-5802182EEAA4}.Debug|x86.Build.0 = Debug|x86
		{B218E8F0-1881-4670-85C1-5802182EEAA4}.Debug|x86.Deploy.0 = Debug|x86
		{B218E8F0-1881-4670-85C1-5802182EEAA4}.Release|Any CPU.ActiveCfg = Release|x64
		{B218E8F0-1881-4670-85C1-5802182EEAA4}.Release|Any CPU.Build.0 = Release|x64
		{B218E8F0-1881-4670-85C1-5802182EEAA4}.Release|Any CPU.Deploy.0 = Release|x64
		{B218E8F0-1881-4670-85C1-5802182EEAA4}.Release|ARM.ActiveCfg = Release|ARM
		{B218E8F0-1881-4670-85C1-5802182EEAA4}.Release|ARM.Build.0 = Release|ARM
		{B218E8F0-1881-4670-85C1-5802182EEAA4}.Release|ARM.Deploy.0 = Release|ARM
		{B218E8F0-1881-4670-85C1-5802182EEAA4}.Release|iPhone.ActiveCfg = Release|x64
		{B218E8F0-1881-4670-85C1-5802182EEAA4}.Release|iPhone.Build.0 = Release|x64
		{B218E8F0-1881-4670-85C1-5802182EEAA4}.Release|iPhone.Deploy.0 = Release|x64
		{B218E8F0-1881-4670-85C1-5802182EEAA4}.Release|iPhoneSimulator.ActiveCfg = Release|x64
		{B218E8F0-1881-4670-85C1-5802182EEAA4}.Release|iPhoneSimulator.Build.0 = Release|x64
		{B218E8F0-1881-4670-85C1-5802182EEAA4}.Release|iPhoneSimulator.Deploy.0 = Release|x64
		{B218E8F0-1881-4670-85C1-5802182EEAA4}.Release|x64.ActiveCfg = Release|x64
		{B218E8F0-1881-4670-85C1-5802182EEAA4}.Release|x64.Build.0 = Release|x64
		{B218E8F0-1881-4670-85C1-5802182EEAA4}.Release|x64.Deploy.0 = Release|x64
		{B218E8F0-1881-4670-85C1-5802182EEAA4}.Release|x86.ActiveCfg = Release|x86
		{B218E8F0-1881-4670-85C1-5802182EEAA4}.Release|x86.Build.0 = Release|x86
		{B218E8F0-1881-4670-85C1-5802182EEAA4}.Release|x86.Deploy.0 = Release|x86
		{EC19F948-35FC-4B5E-AD63-50570BA3B358}.Debug|Any CPU.ActiveCfg = Debug|Any CPU
		{EC19F948-35FC-4B5E-AD63-50570BA3B358}.Debug|Any CPU.Build.0 = Debug|Any CPU
		{EC19F948-35FC-4B5E-AD63-50570BA3B358}.Debug|Any CPU.Deploy.0 = Debug|Any CPU
		{EC19F948-35FC-4B5E-AD63-50570BA3B358}.Debug|ARM.ActiveCfg = Debug|Any CPU
		{EC19F948-35FC-4B5E-AD63-50570BA3B358}.Debug|ARM.Build.0 = Debug|Any CPU
		{EC19F948-35FC-4B5E-AD63-50570BA3B358}.Debug|ARM.Deploy.0 = Debug|Any CPU
		{EC19F948-35FC-4B5E-AD63-50570BA3B358}.Debug|iPhone.ActiveCfg = Debug|Any CPU
		{EC19F948-35FC-4B5E-AD63-50570BA3B358}.Debug|iPhone.Build.0 = Debug|Any CPU
		{EC19F948-35FC-4B5E-AD63-50570BA3B358}.Debug|iPhone.Deploy.0 = Debug|Any CPU
		{EC19F948-35FC-4B5E-AD63-50570BA3B358}.Debug|iPhoneSimulator.ActiveCfg = Debug|Any CPU
		{EC19F948-35FC-4B5E-AD63-50570BA3B358}.Debug|iPhoneSimulator.Build.0 = Debug|Any CPU
		{EC19F948-35FC-4B5E-AD63-50570BA3B358}.Debug|iPhoneSimulator.Deploy.0 = Debug|Any CPU
		{EC19F948-35FC-4B5E-AD63-50570BA3B358}.Debug|x64.ActiveCfg = Debug|Any CPU
		{EC19F948-35FC-4B5E-AD63-50570BA3B358}.Debug|x64.Build.0 = Debug|Any CPU
		{EC19F948-35FC-4B5E-AD63-50570BA3B358}.Debug|x64.Deploy.0 = Debug|Any CPU
		{EC19F948-35FC-4B5E-AD63-50570BA3B358}.Debug|x86.ActiveCfg = Debug|Any CPU
		{EC19F948-35FC-4B5E-AD63-50570BA3B358}.Debug|x86.Build.0 = Debug|Any CPU
		{EC19F948-35FC-4B5E-AD63-50570BA3B358}.Debug|x86.Deploy.0 = Debug|Any CPU
		{EC19F948-35FC-4B5E-AD63-50570BA3B358}.Release|Any CPU.ActiveCfg = Release|Any CPU
		{EC19F948-35FC-4B5E-AD63-50570BA3B358}.Release|Any CPU.Build.0 = Release|Any CPU
		{EC19F948-35FC-4B5E-AD63-50570BA3B358}.Release|Any CPU.Deploy.0 = Release|Any CPU
		{EC19F948-35FC-4B5E-AD63-50570BA3B358}.Release|ARM.ActiveCfg = Release|Any CPU
		{EC19F948-35FC-4B5E-AD63-50570BA3B358}.Release|ARM.Build.0 = Release|Any CPU
		{EC19F948-35FC-4B5E-AD63-50570BA3B358}.Release|ARM.Deploy.0 = Release|Any CPU
		{EC19F948-35FC-4B5E-AD63-50570BA3B358}.Release|iPhone.ActiveCfg = Release|Any CPU
		{EC19F948-35FC-4B5E-AD63-50570BA3B358}.Release|iPhone.Build.0 = Release|Any CPU
		{EC19F948-35FC-4B5E-AD63-50570BA3B358}.Release|iPhone.Deploy.0 = Release|Any CPU
		{EC19F948-35FC-4B5E-AD63-50570BA3B358}.Release|iPhoneSimulator.ActiveCfg = Release|Any CPU
		{EC19F948-35FC-4B5E-AD63-50570BA3B358}.Release|iPhoneSimulator.Build.0 = Release|Any CPU
		{EC19F948-35FC-4B5E-AD63-50570BA3B358}.Release|iPhoneSimulator.Deploy.0 = Release|Any CPU
		{EC19F948-35FC-4B5E-AD63-50570BA3B358}.Release|x64.ActiveCfg = Release|Any CPU
		{EC19F948-35FC-4B5E-AD63-50570BA3B358}.Release|x64.Build.0 = Release|Any CPU
		{EC19F948-35FC-4B5E-AD63-50570BA3B358}.Release|x64.Deploy.0 = Release|Any CPU
		{EC19F948-35FC-4B5E-AD63-50570BA3B358}.Release|x86.ActiveCfg = Release|Any CPU
		{EC19F948-35FC-4B5E-AD63-50570BA3B358}.Release|x86.Build.0 = Release|Any CPU
		{EC19F948-35FC-4B5E-AD63-50570BA3B358}.Release|x86.Deploy.0 = Release|Any CPU
		{9D064A00-0FD9-4F7A-8A6D-0B4E8CE6779A}.Debug|Any CPU.ActiveCfg = Debug|iPhoneSimulator
		{9D064A00-0FD9-4F7A-8A6D-0B4E8CE6779A}.Debug|Any CPU.Build.0 = Debug|iPhoneSimulator
		{9D064A00-0FD9-4F7A-8A6D-0B4E8CE6779A}.Debug|Any CPU.Deploy.0 = Debug|iPhoneSimulator
		{9D064A00-0FD9-4F7A-8A6D-0B4E8CE6779A}.Debug|ARM.ActiveCfg = Debug|iPhoneSimulator
		{9D064A00-0FD9-4F7A-8A6D-0B4E8CE6779A}.Debug|ARM.Build.0 = Debug|iPhoneSimulator
		{9D064A00-0FD9-4F7A-8A6D-0B4E8CE6779A}.Debug|ARM.Deploy.0 = Debug|iPhoneSimulator
		{9D064A00-0FD9-4F7A-8A6D-0B4E8CE6779A}.Debug|iPhone.ActiveCfg = Debug|iPhone
		{9D064A00-0FD9-4F7A-8A6D-0B4E8CE6779A}.Debug|iPhone.Build.0 = Debug|iPhone
		{9D064A00-0FD9-4F7A-8A6D-0B4E8CE6779A}.Debug|iPhone.Deploy.0 = Debug|iPhone
		{9D064A00-0FD9-4F7A-8A6D-0B4E8CE6779A}.Debug|iPhoneSimulator.ActiveCfg = Debug|iPhoneSimulator
		{9D064A00-0FD9-4F7A-8A6D-0B4E8CE6779A}.Debug|iPhoneSimulator.Build.0 = Debug|iPhoneSimulator
		{9D064A00-0FD9-4F7A-8A6D-0B4E8CE6779A}.Debug|iPhoneSimulator.Deploy.0 = Debug|iPhoneSimulator
		{9D064A00-0FD9-4F7A-8A6D-0B4E8CE6779A}.Debug|x64.ActiveCfg = Debug|iPhone
		{9D064A00-0FD9-4F7A-8A6D-0B4E8CE6779A}.Debug|x64.Build.0 = Debug|iPhone
		{9D064A00-0FD9-4F7A-8A6D-0B4E8CE6779A}.Debug|x64.Deploy.0 = Debug|iPhone
		{9D064A00-0FD9-4F7A-8A6D-0B4E8CE6779A}.Debug|x86.ActiveCfg = Debug|iPhoneSimulator
		{9D064A00-0FD9-4F7A-8A6D-0B4E8CE6779A}.Debug|x86.Build.0 = Debug|iPhoneSimulator
		{9D064A00-0FD9-4F7A-8A6D-0B4E8CE6779A}.Debug|x86.Deploy.0 = Debug|iPhoneSimulator
		{9D064A00-0FD9-4F7A-8A6D-0B4E8CE6779A}.Release|Any CPU.ActiveCfg = Release|iPhoneSimulator
		{9D064A00-0FD9-4F7A-8A6D-0B4E8CE6779A}.Release|Any CPU.Build.0 = Release|iPhoneSimulator
		{9D064A00-0FD9-4F7A-8A6D-0B4E8CE6779A}.Release|Any CPU.Deploy.0 = Release|iPhoneSimulator
		{9D064A00-0FD9-4F7A-8A6D-0B4E8CE6779A}.Release|ARM.ActiveCfg = Release|iPhoneSimulator
		{9D064A00-0FD9-4F7A-8A6D-0B4E8CE6779A}.Release|ARM.Build.0 = Release|iPhoneSimulator
		{9D064A00-0FD9-4F7A-8A6D-0B4E8CE6779A}.Release|ARM.Deploy.0 = Release|iPhoneSimulator
		{9D064A00-0FD9-4F7A-8A6D-0B4E8CE6779A}.Release|iPhone.ActiveCfg = Release|iPhone
		{9D064A00-0FD9-4F7A-8A6D-0B4E8CE6779A}.Release|iPhone.Build.0 = Release|iPhone
		{9D064A00-0FD9-4F7A-8A6D-0B4E8CE6779A}.Release|iPhone.Deploy.0 = Release|iPhone
		{9D064A00-0FD9-4F7A-8A6D-0B4E8CE6779A}.Release|iPhoneSimulator.ActiveCfg = Release|iPhoneSimulator
		{9D064A00-0FD9-4F7A-8A6D-0B4E8CE6779A}.Release|iPhoneSimulator.Build.0 = Release|iPhoneSimulator
		{9D064A00-0FD9-4F7A-8A6D-0B4E8CE6779A}.Release|iPhoneSimulator.Deploy.0 = Release|iPhoneSimulator
		{9D064A00-0FD9-4F7A-8A6D-0B4E8CE6779A}.Release|x64.ActiveCfg = Release|iPhoneSimulator
		{9D064A00-0FD9-4F7A-8A6D-0B4E8CE6779A}.Release|x64.Build.0 = Release|iPhoneSimulator
		{9D064A00-0FD9-4F7A-8A6D-0B4E8CE6779A}.Release|x64.Deploy.0 = Release|iPhoneSimulator
		{9D064A00-0FD9-4F7A-8A6D-0B4E8CE6779A}.Release|x86.ActiveCfg = Release|iPhoneSimulator
		{9D064A00-0FD9-4F7A-8A6D-0B4E8CE6779A}.Release|x86.Build.0 = Release|iPhoneSimulator
		{9D064A00-0FD9-4F7A-8A6D-0B4E8CE6779A}.Release|x86.Deploy.0 = Release|iPhoneSimulator
		{CF6B2DB1-BA58-4B02-8F48-121BEDCC86A7}.Debug|Any CPU.ActiveCfg = Debug|Any CPU
		{CF6B2DB1-BA58-4B02-8F48-121BEDCC86A7}.Debug|Any CPU.Build.0 = Debug|Any CPU
		{CF6B2DB1-BA58-4B02-8F48-121BEDCC86A7}.Debug|Any CPU.Deploy.0 = Debug|Any CPU
		{CF6B2DB1-BA58-4B02-8F48-121BEDCC86A7}.Debug|ARM.ActiveCfg = Debug|Any CPU
		{CF6B2DB1-BA58-4B02-8F48-121BEDCC86A7}.Debug|ARM.Build.0 = Debug|Any CPU
		{CF6B2DB1-BA58-4B02-8F48-121BEDCC86A7}.Debug|ARM.Deploy.0 = Debug|Any CPU
		{CF6B2DB1-BA58-4B02-8F48-121BEDCC86A7}.Debug|iPhone.ActiveCfg = Debug|Any CPU
		{CF6B2DB1-BA58-4B02-8F48-121BEDCC86A7}.Debug|iPhone.Build.0 = Debug|Any CPU
		{CF6B2DB1-BA58-4B02-8F48-121BEDCC86A7}.Debug|iPhone.Deploy.0 = Debug|Any CPU
		{CF6B2DB1-BA58-4B02-8F48-121BEDCC86A7}.Debug|iPhoneSimulator.ActiveCfg = Debug|Any CPU
		{CF6B2DB1-BA58-4B02-8F48-121BEDCC86A7}.Debug|iPhoneSimulator.Build.0 = Debug|Any CPU
		{CF6B2DB1-BA58-4B02-8F48-121BEDCC86A7}.Debug|iPhoneSimulator.Deploy.0 = Debug|Any CPU
		{CF6B2DB1-BA58-4B02-8F48-121BEDCC86A7}.Debug|x64.ActiveCfg = Debug|Any CPU
		{CF6B2DB1-BA58-4B02-8F48-121BEDCC86A7}.Debug|x64.Build.0 = Debug|Any CPU
		{CF6B2DB1-BA58-4B02-8F48-121BEDCC86A7}.Debug|x64.Deploy.0 = Debug|Any CPU
		{CF6B2DB1-BA58-4B02-8F48-121BEDCC86A7}.Debug|x86.ActiveCfg = Debug|Any CPU
		{CF6B2DB1-BA58-4B02-8F48-121BEDCC86A7}.Debug|x86.Build.0 = Debug|Any CPU
		{CF6B2DB1-BA58-4B02-8F48-121BEDCC86A7}.Debug|x86.Deploy.0 = Debug|Any CPU
		{CF6B2DB1-BA58-4B02-8F48-121BEDCC86A7}.Release|Any CPU.ActiveCfg = Release|Any CPU
		{CF6B2DB1-BA58-4B02-8F48-121BEDCC86A7}.Release|Any CPU.Build.0 = Release|Any CPU
		{CF6B2DB1-BA58-4B02-8F48-121BEDCC86A7}.Release|Any CPU.Deploy.0 = Release|Any CPU
		{CF6B2DB1-BA58-4B02-8F48-121BEDCC86A7}.Release|ARM.ActiveCfg = Release|Any CPU
		{CF6B2DB1-BA58-4B02-8F48-121BEDCC86A7}.Release|ARM.Build.0 = Release|Any CPU
		{CF6B2DB1-BA58-4B02-8F48-121BEDCC86A7}.Release|ARM.Deploy.0 = Release|Any CPU
		{CF6B2DB1-BA58-4B02-8F48-121BEDCC86A7}.Release|iPhone.ActiveCfg = Release|Any CPU
		{CF6B2DB1-BA58-4B02-8F48-121BEDCC86A7}.Release|iPhone.Build.0 = Release|Any CPU
		{CF6B2DB1-BA58-4B02-8F48-121BEDCC86A7}.Release|iPhone.Deploy.0 = Release|Any CPU
		{CF6B2DB1-BA58-4B02-8F48-121BEDCC86A7}.Release|iPhoneSimulator.ActiveCfg = Release|Any CPU
		{CF6B2DB1-BA58-4B02-8F48-121BEDCC86A7}.Release|iPhoneSimulator.Build.0 = Release|Any CPU
		{CF6B2DB1-BA58-4B02-8F48-121BEDCC86A7}.Release|iPhoneSimulator.Deploy.0 = Release|Any CPU
		{CF6B2DB1-BA58-4B02-8F48-121BEDCC86A7}.Release|x64.ActiveCfg = Release|Any CPU
		{CF6B2DB1-BA58-4B02-8F48-121BEDCC86A7}.Release|x64.Build.0 = Release|Any CPU
		{CF6B2DB1-BA58-4B02-8F48-121BEDCC86A7}.Release|x64.Deploy.0 = Release|Any CPU
		{CF6B2DB1-BA58-4B02-8F48-121BEDCC86A7}.Release|x86.ActiveCfg = Release|Any CPU
		{CF6B2DB1-BA58-4B02-8F48-121BEDCC86A7}.Release|x86.Build.0 = Release|Any CPU
		{CF6B2DB1-BA58-4B02-8F48-121BEDCC86A7}.Release|x86.Deploy.0 = Release|Any CPU
	EndGlobalSection
	GlobalSection(SolutionProperties) = preSolution
		HideSolutionNode = FALSE
	EndGlobalSection
	GlobalSection(ExtensibilityGlobals) = postSolution
		SolutionGuid = {AD453938-8E48-4104-8071-DA4DB74536D2}
	EndGlobalSection
EndGlobal
