
Microsoft Visual Studio Solution File, Format Version 12.00
# Visual Studio Version 17
VisualStudioVersion = 17.1.32210.238
MinimumVisualStudioVersion = 10.0.40219.1
Project("{FAE04EC0-301F-11D3-BF4B-00C04F79EFBC}") = "ClarityNotes.UWP", "ClarityNotes.UWP\ClarityNotes.UWP.csproj", "{641450E4-F222-48EF-AB2D-AFA53EEAD82C}"
EndProject
Project("{FAE04EC0-301F-11D3-BF4B-00C04F79EFBC}") = "ClarityNotes.Android", "ClarityNotes.Android\ClarityNotes.Android.csproj", "{F6A86760-E110-451F-B8C3-CD50A95EB7F2}"
EndProject
Project("{FAE04EC0-301F-11D3-BF4B-00C04F79EFBC}") = "ClarityNotes.iOS", "ClarityNotes.iOS\ClarityNotes.iOS.csproj", "{16D5D354-A738-4112-A919-F5E1CA727D4C}"
EndProject
Project("{FAE04EC0-301F-11D3-BF4B-00C04F79EFBC}") = "ClarityNotes", "ClarityNotes\ClarityNotes.csproj", "{8446253A-86BA-4FB2-96B6-7682C73ACECB}"
EndProject
Global
	GlobalSection(SolutionConfigurationPlatforms) = preSolution
		Debug|Any CPU = Debug|Any CPU
		Debug|ARM = Debug|ARM
		Debug|iPhone = Debug|iPhone
		Debug|iPhoneSimulator = Debug|iPhoneSimulator
		Debug|x64 = Debug|x64
		Debug|x86 = Debug|x86
		Release|Any CPU = Release|Any CPU
		Release|ARM = Release|ARM
		Release|iPhone = Release|iPhone
		Release|iPhoneSimulator = Release|iPhoneSimulator
		Release|x64 = Release|x64
		Release|x86 = Release|x86
	EndGlobalSection
	GlobalSection(ProjectConfigurationPlatforms) = postSolution
		{641450E4-F222-48EF-AB2D-AFA53EEAD82C}.Debug|Any CPU.ActiveCfg = Debug|x64
		{641450E4-F222-48EF-AB2D-AFA53EEAD82C}.Debug|Any CPU.Build.0 = Debug|x64
		{641450E4-F222-48EF-AB2D-AFA53EEAD82C}.Debug|Any CPU.Deploy.0 = Debug|x64
		{641450E4-F222-48EF-AB2D-AFA53EEAD82C}.Debug|ARM.ActiveCfg = Debug|ARM
		{641450E4-F222-48EF-AB2D-AFA53EEAD82C}.Debug|ARM.Build.0 = Debug|ARM
		{641450E4-F222-48EF-AB2D-AFA53EEAD82C}.Debug|ARM.Deploy.0 = Debug|ARM
		{641450E4-F222-48EF-AB2D-AFA53EEAD82C}.Debug|iPhone.ActiveCfg = Debug|x64
		{641450E4-F222-48EF-AB2D-AFA53EEAD82C}.Debug|iPhone.Build.0 = Debug|x64
		{641450E4-F222-48EF-AB2D-AFA53EEAD82C}.Debug|iPhone.Deploy.0 = Debug|x64
		{641450E4-F222-48EF-AB2D-AFA53EEAD82C}.Debug|iPhoneSimulator.ActiveCfg = Debug|x64
		{641450E4-F222-48EF-AB2D-AFA53EEAD82C}.Debug|iPhoneSimulator.Build.0 = Debug|x64
		{641450E4-F222-48EF-AB2D-AFA53EEAD82C}.Debug|iPhoneSimulator.Deploy.0 = Debug|x64
		{641450E4-F222-48EF-AB2D-AFA53EEAD82C}.Debug|x64.ActiveCfg = Debug|x64
		{641450E4-F222-48EF-AB2D-AFA53EEAD82C}.Debug|x64.Build.0 = Debug|x64
		{641450E4-F222-48EF-AB2D-AFA53EEAD82C}.Debug|x64.Deploy.0 = Debug|x64
		{641450E4-F222-48EF-AB2D-AFA53EEAD82C}.Debug|x86.ActiveCfg = Debug|x86
		{641450E4-F222-48EF-AB2D-AFA53EEAD82C}.Debug|x86.Build.0 = Debug|x86
		{641450E4-F222-48EF-AB2D-AFA53EEAD82C}.Debug|x86.Deploy.0 = Debug|x86
		{641450E4-F222-48EF-AB2D-AFA53EEAD82C}.Release|Any CPU.ActiveCfg = Release|x64
		{641450E4-F222-48EF-AB2D-AFA53EEAD82C}.Release|Any CPU.Build.0 = Release|x64
		{641450E4-F222-48EF-AB2D-AFA53EEAD82C}.Release|Any CPU.Deploy.0 = Release|x64
		{641450E4-F222-48EF-AB2D-AFA53EEAD82C}.Release|ARM.ActiveCfg = Release|ARM
		{641450E4-F222-48EF-AB2D-AFA53EEAD82C}.Release|ARM.Build.0 = Release|ARM
		{641450E4-F222-48EF-AB2D-AFA53EEAD82C}.Release|ARM.Deploy.0 = Release|ARM
		{641450E4-F222-48EF-AB2D-AFA53EEAD82C}.Release|iPhone.ActiveCfg = Release|x64
		{641450E4-F222-48EF-AB2D-AFA53EEAD82C}.Release|iPhone.Build.0 = Release|x64
		{641450E4-F222-48EF-AB2D-AFA53EEAD82C}.Release|iPhone.Deploy.0 = Release|x64
		{641450E4-F222-48EF-AB2D-AFA53EEAD82C}.Release|iPhoneSimulator.ActiveCfg = Release|x64
		{641450E4-F222-48EF-AB2D-AFA53EEAD82C}.Release|iPhoneSimulator.Build.0 = Release|x64
		{641450E4-F222-48EF-AB2D-AFA53EEAD82C}.Release|iPhoneSimulator.Deploy.0 = Release|x64
		{641450E4-F222-48EF-AB2D-AFA53EEAD82C}.Release|x64.ActiveCfg = Release|x64
		{641450E4-F222-48EF-AB2D-AFA53EEAD82C}.Release|x64.Build.0 = Release|x64
		{641450E4-F222-48EF-AB2D-AFA53EEAD82C}.Release|x64.Deploy.0 = Release|x64
		{641450E4-F222-48EF-AB2D-AFA53EEAD82C}.Release|x86.ActiveCfg = Release|x86
		{641450E4-F222-48EF-AB2D-AFA53EEAD82C}.Release|x86.Build.0 = Release|x86
		{641450E4-F222-48EF-AB2D-AFA53EEAD82C}.Release|x86.Deploy.0 = Release|x86
		{F6A86760-E110-451F-B8C3-CD50A95EB7F2}.Debug|Any CPU.ActiveCfg = Debug|Any CPU
		{F6A86760-E110-451F-B8C3-CD50A95EB7F2}.Debug|Any CPU.Build.0 = Debug|Any CPU
		{F6A86760-E110-451F-B8C3-CD50A95EB7F2}.Debug|Any CPU.Deploy.0 = Debug|Any CPU
		{F6A86760-E110-451F-B8C3-CD50A95EB7F2}.Debug|ARM.ActiveCfg = Debug|Any CPU
		{F6A86760-E110-451F-B8C3-CD50A95EB7F2}.Debug|ARM.Build.0 = Debug|Any CPU
		{F6A86760-E110-451F-B8C3-CD50A95EB7F2}.Debug|ARM.Deploy.0 = Debug|Any CPU
		{F6A86760-E110-451F-B8C3-CD50A95EB7F2}.Debug|iPhone.ActiveCfg = Debug|Any CPU
		{F6A86760-E110-451F-B8C3-CD50A95EB7F2}.Debug|iPhone.Build.0 = Debug|Any CPU
		{F6A86760-E110-451F-B8C3-CD50A95EB7F2}.Debug|iPhone.Deploy.0 = Debug|Any CPU
		{F6A86760-E110-451F-B8C3-CD50A95EB7F2}.Debug|iPhoneSimulator.ActiveCfg = Debug|Any CPU
		{F6A86760-E110-451F-B8C3-CD50A95EB7F2}.Debug|iPhoneSimulator.Build.0 = Debug|Any CPU
		{F6A86760-E110-451F-B8C3-CD50A95EB7F2}.Debug|iPhoneSimulator.Deploy.0 = Debug|Any CPU
		{F6A86760-E110-451F-B8C3-CD50A95EB7F2}.Debug|x64.ActiveCfg = Debug|Any CPU
		{F6A86760-E110-451F-B8C3-CD50A95EB7F2}.Debug|x64.Build.0 = Debug|Any CPU
		{F6A86760-E110-451F-B8C3-CD50A95EB7F2}.Debug|x64.Deploy.0 = Debug|Any CPU
		{F6A86760-E110-451F-B8C3-CD50A95EB7F2}.Debug|x86.ActiveCfg = Debug|Any CPU
		{F6A86760-E110-451F-B8C3-CD50A95EB7F2}.Debug|x86.Build.0 = Debug|Any CPU
		{F6A86760-E110-451F-B8C3-CD50A95EB7F2}.Debug|x86.Deploy.0 = Debug|Any CPU
		{F6A86760-E110-451F-B8C3-CD50A95EB7F2}.Release|Any CPU.ActiveCfg = Release|Any CPU
		{F6A86760-E110-451F-B8C3-CD50A95EB7F2}.Release|Any CPU.Build.0 = Release|Any CPU
		{F6A86760-E110-451F-B8C3-CD50A95EB7F2}.Release|Any CPU.Deploy.0 = Release|Any CPU
		{F6A86760-E110-451F-B8C3-CD50A95EB7F2}.Release|ARM.ActiveCfg = Release|Any CPU
		{F6A86760-E110-451F-B8C3-CD50A95EB7F2}.Release|ARM.Build.0 = Release|Any CPU
		{F6A86760-E110-451F-B8C3-CD50A95EB7F2}.Release|ARM.Deploy.0 = Release|Any CPU
		{F6A86760-E110-451F-B8C3-CD50A95EB7F2}.Release|iPhone.ActiveCfg = Release|Any CPU
		{F6A86760-E110-451F-B8C3-CD50A95EB7F2}.Release|iPhone.Build.0 = Release|Any CPU
		{F6A86760-E110-451F-B8C3-CD50A95EB7F2}.Release|iPhone.Deploy.0 = Release|Any CPU
		{F6A86760-E110-451F-B8C3-CD50A95EB7F2}.Release|iPhoneSimulator.ActiveCfg = Release|Any CPU
		{F6A86760-E110-451F-B8C3-CD50A95EB7F2}.Release|iPhoneSimulator.Build.0 = Release|Any CPU
		{F6A86760-E110-451F-B8C3-CD50A95EB7F2}.Release|iPhoneSimulator.Deploy.0 = Release|Any CPU
		{F6A86760-E110-451F-B8C3-CD50A95EB7F2}.Release|x64.ActiveCfg = Release|Any CPU
		{F6A86760-E110-451F-B8C3-CD50A95EB7F2}.Release|x64.Build.0 = Release|Any CPU
		{F6A86760-E110-451F-B8C3-CD50A95EB7F2}.Release|x64.Deploy.0 = Release|Any CPU
		{F6A86760-E110-451F-B8C3-CD50A95EB7F2}.Release|x86.ActiveCfg = Release|Any CPU
		{F6A86760-E110-451F-B8C3-CD50A95EB7F2}.Release|x86.Build.0 = Release|Any CPU
		{F6A86760-E110-451F-B8C3-CD50A95EB7F2}.Release|x86.Deploy.0 = Release|Any CPU
		{16D5D354-A738-4112-A919-F5E1CA727D4C}.Debug|Any CPU.ActiveCfg = Debug|iPhoneSimulator
		{16D5D354-A738-4112-A919-F5E1CA727D4C}.Debug|Any CPU.Build.0 = Debug|iPhoneSimulator
		{16D5D354-A738-4112-A919-F5E1CA727D4C}.Debug|Any CPU.Deploy.0 = Debug|iPhoneSimulator
		{16D5D354-A738-4112-A919-F5E1CA727D4C}.Debug|ARM.ActiveCfg = Debug|iPhoneSimulator
		{16D5D354-A738-4112-A919-F5E1CA727D4C}.Debug|ARM.Build.0 = Debug|iPhoneSimulator
		{16D5D354-A738-4112-A919-F5E1CA727D4C}.Debug|ARM.Deploy.0 = Debug|iPhoneSimulator
		{16D5D354-A738-4112-A919-F5E1CA727D4C}.Debug|iPhone.ActiveCfg = Debug|iPhone
		{16D5D354-A738-4112-A919-F5E1CA727D4C}.Debug|iPhone.Build.0 = Debug|iPhone
		{16D5D354-A738-4112-A919-F5E1CA727D4C}.Debug|iPhone.Deploy.0 = Debug|iPhone
		{16D5D354-A738-4112-A919-F5E1CA727D4C}.Debug|iPhoneSimulator.ActiveCfg = Debug|iPhoneSimulator
		{16D5D354-A738-4112-A919-F5E1CA727D4C}.Debug|iPhoneSimulator.Build.0 = Debug|iPhoneSimulator
		{16D5D354-A738-4112-A919-F5E1CA727D4C}.Debug|iPhoneSimulator.Deploy.0 = Debug|iPhoneSimulator
		{16D5D354-A738-4112-A919-F5E1CA727D4C}.Debug|x64.ActiveCfg = Debug|iPhone
		{16D5D354-A738-4112-A919-F5E1CA727D4C}.Debug|x64.Build.0 = Debug|iPhone
		{16D5D354-A738-4112-A919-F5E1CA727D4C}.Debug|x64.Deploy.0 = Debug|iPhone
		{16D5D354-A738-4112-A919-F5E1CA727D4C}.Debug|x86.ActiveCfg = Debug|iPhoneSimulator
		{16D5D354-A738-4112-A919-F5E1CA727D4C}.Debug|x86.Build.0 = Debug|iPhoneSimulator
		{16D5D354-A738-4112-A919-F5E1CA727D4C}.Debug|x86.Deploy.0 = Debug|iPhoneSimulator
		{16D5D354-A738-4112-A919-F5E1CA727D4C}.Release|Any CPU.ActiveCfg = Release|iPhoneSimulator
		{16D5D354-A738-4112-A919-F5E1CA727D4C}.Release|Any CPU.Build.0 = Release|iPhoneSimulator
		{16D5D354-A738-4112-A919-F5E1CA727D4C}.Release|Any CPU.Deploy.0 = Release|iPhoneSimulator
		{16D5D354-A738-4112-A919-F5E1CA727D4C}.Release|ARM.ActiveCfg = Release|iPhoneSimulator
		{16D5D354-A738-4112-A919-F5E1CA727D4C}.Release|ARM.Build.0 = Release|iPhoneSimulator
		{16D5D354-A738-4112-A919-F5E1CA727D4C}.Release|ARM.Deploy.0 = Release|iPhoneSimulator
		{16D5D354-A738-4112-A919-F5E1CA727D4C}.Release|iPhone.ActiveCfg = Release|iPhone
		{16D5D354-A738-4112-A919-F5E1CA727D4C}.Release|iPhone.Build.0 = Release|iPhone
		{16D5D354-A738-4112-A919-F5E1CA727D4C}.Release|iPhone.Deploy.0 = Release|iPhone
		{16D5D354-A738-4112-A919-F5E1CA727D4C}.Release|iPhoneSimulator.ActiveCfg = Release|iPhoneSimulator
		{16D5D354-A738-4112-A919-F5E1CA727D4C}.Release|iPhoneSimulator.Build.0 = Release|iPhoneSimulator
		{16D5D354-A738-4112-A919-F5E1CA727D4C}.Release|iPhoneSimulator.Deploy.0 = Release|iPhoneSimulator
		{16D5D354-A738-4112-A919-F5E1CA727D4C}.Release|x64.ActiveCfg = Release|iPhoneSimulator
		{16D5D354-A738-4112-A919-F5E1CA727D4C}.Release|x64.Build.0 = Release|iPhoneSimulator
		{16D5D354-A738-4112-A919-F5E1CA727D4C}.Release|x64.Deploy.0 = Release|iPhoneSimulator
		{16D5D354-A738-4112-A919-F5E1CA727D4C}.Release|x86.ActiveCfg = Release|iPhoneSimulator
		{16D5D354-A738-4112-A919-F5E1CA727D4C}.Release|x86.Build.0 = Release|iPhoneSimulator
		{16D5D354-A738-4112-A919-F5E1CA727D4C}.Release|x86.Deploy.0 = Release|iPhoneSimulator
		{8446253A-86BA-4FB2-96B6-7682C73ACECB}.Debug|Any CPU.ActiveCfg = Debug|Any CPU
		{8446253A-86BA-4FB2-96B6-7682C73ACECB}.Debug|Any CPU.Build.0 = Debug|Any CPU
		{8446253A-86BA-4FB2-96B6-7682C73ACECB}.Debug|Any CPU.Deploy.0 = Debug|Any CPU
		{8446253A-86BA-4FB2-96B6-7682C73ACECB}.Debug|ARM.ActiveCfg = Debug|Any CPU
		{8446253A-86BA-4FB2-96B6-7682C73ACECB}.Debug|ARM.Build.0 = Debug|Any CPU
		{8446253A-86BA-4FB2-96B6-7682C73ACECB}.Debug|ARM.Deploy.0 = Debug|Any CPU
		{8446253A-86BA-4FB2-96B6-7682C73ACECB}.Debug|iPhone.ActiveCfg = Debug|Any CPU
		{8446253A-86BA-4FB2-96B6-7682C73ACECB}.Debug|iPhone.Build.0 = Debug|Any CPU
		{8446253A-86BA-4FB2-96B6-7682C73ACECB}.Debug|iPhone.Deploy.0 = Debug|Any CPU
		{8446253A-86BA-4FB2-96B6-7682C73ACECB}.Debug|iPhoneSimulator.ActiveCfg = Debug|Any CPU
		{8446253A-86BA-4FB2-96B6-7682C73ACECB}.Debug|iPhoneSimulator.Build.0 = Debug|Any CPU
		{8446253A-86BA-4FB2-96B6-7682C73ACECB}.Debug|iPhoneSimulator.Deploy.0 = Debug|Any CPU
		{8446253A-86BA-4FB2-96B6-7682C73ACECB}.Debug|x64.ActiveCfg = Debug|Any CPU
		{8446253A-86BA-4FB2-96B6-7682C73ACECB}.Debug|x64.Build.0 = Debug|Any CPU
		{8446253A-86BA-4FB2-96B6-7682C73ACECB}.Debug|x64.Deploy.0 = Debug|Any CPU
		{8446253A-86BA-4FB2-96B6-7682C73ACECB}.Debug|x86.ActiveCfg = Debug|Any CPU
		{8446253A-86BA-4FB2-96B6-7682C73ACECB}.Debug|x86.Build.0 = Debug|Any CPU
		{8446253A-86BA-4FB2-96B6-7682C73ACECB}.Debug|x86.Deploy.0 = Debug|Any CPU
		{8446253A-86BA-4FB2-96B6-7682C73ACECB}.Release|Any CPU.ActiveCfg = Release|Any CPU
		{8446253A-86BA-4FB2-96B6-7682C73ACECB}.Release|Any CPU.Build.0 = Release|Any CPU
		{8446253A-86BA-4FB2-96B6-7682C73ACECB}.Release|Any CPU.Deploy.0 = Release|Any CPU
		{8446253A-86BA-4FB2-96B6-7682C73ACECB}.Release|ARM.ActiveCfg = Release|Any CPU
		{8446253A-86BA-4FB2-96B6-7682C73ACECB}.Release|ARM.Build.0 = Release|Any CPU
		{8446253A-86BA-4FB2-96B6-7682C73ACECB}.Release|ARM.Deploy.0 = Release|Any CPU
		{8446253A-86BA-4FB2-96B6-7682C73ACECB}.Release|iPhone.ActiveCfg = Release|Any CPU
		{8446253A-86BA-4FB2-96B6-7682C73ACECB}.Release|iPhone.Build.0 = Release|Any CPU
		{8446253A-86BA-4FB2-96B6-7682C73ACECB}.Release|iPhone.Deploy.0 = Release|Any CPU
		{8446253A-86BA-4FB2-96B6-7682C73ACECB}.Release|iPhoneSimulator.ActiveCfg = Release|Any CPU
		{8446253A-86BA-4FB2-96B6-7682C73ACECB}.Release|iPhoneSimulator.Build.0 = Release|Any CPU
		{8446253A-86BA-4FB2-96B6-7682C73ACECB}.Release|iPhoneSimulator.Deploy.0 = Release|Any CPU
		{8446253A-86BA-4FB2-96B6-7682C73ACECB}.Release|x64.ActiveCfg = Release|Any CPU
		{8446253A-86BA-4FB2-96B6-7682C73ACECB}.Release|x64.Build.0 = Release|Any CPU
		{8446253A-86BA-4FB2-96B6-7682C73ACECB}.Release|x64.Deploy.0 = Release|Any CPU
		{8446253A-86BA-4FB2-96B6-7682C73ACECB}.Release|x86.ActiveCfg = Release|Any CPU
		{8446253A-86BA-4FB2-96B6-7682C73ACECB}.Release|x86.Build.0 = Release|Any CPU
		{8446253A-86BA-4FB2-96B6-7682C73ACECB}.Release|x86.Deploy.0 = Release|Any CPU
	EndGlobalSection
	GlobalSection(SolutionProperties) = preSolution
		HideSolutionNode = FALSE
	EndGlobalSection
	GlobalSection(ExtensibilityGlobals) = postSolution
		SolutionGuid = {39DD0E7B-F73D-46C6-A180-305D9F11C887}
	EndGlobalSection
EndGlobal
